
Microsoft Visual Studio Solution File, Format Version 11.00
# Visual Studio 2010
Project("{FAE04EC0-301F-11D3-BF4B-00C04F79EFBC}") = "Assembly-CSharp", "Assembly-CSharp.csproj", "{8EFF7D62-3AE3-E0C1-F1B7-9076FEC0F4A9}"
EndProject
Project("{FAE04EC0-301F-11D3-BF4B-00C04F79EFBC}") = "Assembly-CSharp-firstpass", "Assembly-CSharp-firstpass.csproj", "{FCA1B6D7-092A-26A7-67F0-FD6C6CF191A2}"
EndProject
Project("{FAE04EC0-301F-11D3-BF4B-00C04F79EFBC}") = "Assembly-CSharp-Editor-firstpass", "Assembly-CSharp-Editor-firstpass.csproj", "{8EC7EE25-C3C4-A60F-52E7-ABE073457401}"
EndProject
Global
	GlobalSection(SolutionConfigurationPlatforms) = preSolution
		Debug|Any CPU = Debug|Any CPU
		Release|Any CPU = Release|Any CPU
	EndGlobalSection
	GlobalSection(ProjectConfigurationPlatforms) = postSolution
		{8EFF7D62-3AE3-E0C1-F1B7-9076FEC0F4A9}.Debug|Any CPU.ActiveCfg = Debug|Any CPU
		{8EFF7D62-3AE3-E0C1-F1B7-9076FEC0F4A9}.Debug|Any CPU.Build.0 = Debug|Any CPU
		{8EFF7D62-3AE3-E0C1-F1B7-9076FEC0F4A9}.Release|Any CPU.ActiveCfg = Release|Any CPU
		{8EFF7D62-3AE3-E0C1-F1B7-9076FEC0F4A9}.Release|Any CPU.Build.0 = Release|Any CPU
		{FCA1B6D7-092A-26A7-67F0-FD6C6CF191A2}.Debug|Any CPU.ActiveCfg = Debug|Any CPU
		{FCA1B6D7-092A-26A7-67F0-FD6C6CF191A2}.Debug|Any CPU.Build.0 = Debug|Any CPU
		{FCA1B6D7-092A-26A7-67F0-FD6C6CF191A2}.Release|Any CPU.ActiveCfg = Release|Any CPU
		{FCA1B6D7-092A-26A7-67F0-FD6C6CF191A2}.Release|Any CPU.Build.0 = Release|Any CPU
		{8EC7EE25-C3C4-A60F-52E7-ABE073457401}.Debug|Any CPU.ActiveCfg = Debug|Any CPU
		{8EC7EE25-C3C4-A60F-52E7-ABE073457401}.Debug|Any CPU.Build.0 = Debug|Any CPU
		{8EC7EE25-C3C4-A60F-52E7-ABE073457401}.Release|Any CPU.ActiveCfg = Release|Any CPU
		{8EC7EE25-C3C4-A60F-52E7-ABE073457401}.Release|Any CPU.Build.0 = Release|Any CPU
	EndGlobalSection
	GlobalSection(SolutionProperties) = preSolution
		HideSolutionNode = FALSE
	EndGlobalSection
	GlobalSection(MonoDevelopProperties) = preSolution
		StartupItem = Assembly-CSharp.csproj
	EndGlobalSection
EndGlobal
